
Microsoft Visual Studio Solution File, Format Version 12.00
# Visual Studio Version 17
VisualStudioVersion = 17.5.002.0
MinimumVisualStudioVersion = 10.0.40219.1
Project("{9A19103F-16F7-4668-BE54-9A1E7A4F7556}") = "Comission", "Comission.csproj", "{108B9347-8FD4-4B78-94EA-BB2D3138B6A3}"
EndProject
Global
	GlobalSection(SolutionConfigurationPlatforms) = preSolution
		Debug|Any CPU = Debug|Any CPU
		Release|Any CPU = Release|Any CPU
	EndGlobalSection
	GlobalSection(ProjectConfigurationPlatforms) = postSolution
		{108B9347-8FD4-4B78-94EA-BB2D3138B6A3}.Debug|Any CPU.ActiveCfg = Debug|Any CPU
		{108B9347-8FD4-4B78-94EA-BB2D3138B6A3}.Debug|Any CPU.Build.0 = Debug|Any CPU
		{108B9347-8FD4-4B78-94EA-BB2D3138B6A3}.Release|Any CPU.ActiveCfg = Release|Any CPU
		{108B9347-8FD4-4B78-94EA-BB2D3138B6A3}.Release|Any CPU.Build.0 = Release|Any CPU
	EndGlobalSection
	GlobalSection(SolutionProperties) = preSolution
		HideSolutionNode = FALSE
	EndGlobalSection
	GlobalSection(ExtensibilityGlobals) = postSolution
		SolutionGuid = {64C303EE-68EC-4B7E-90A5-71371A3EB3F2}
	EndGlobalSection
EndGlobal
